
Microsoft Visual Studio Solution File, Format Version 12.00
# Visual Studio Version 17
VisualStudioVersion = 17.13.35825.156 d17.13
MinimumVisualStudioVersion = 10.0.40219.1
Project("{FAE04EC0-301F-11D3-BF4B-00C04F79EFBC}") = "ServerInProject", "ServerInProject\ServerInProject.csproj", "{2455A167-AF50-40E7-AEE2-54B3B3442212}"
EndProject
Global
	GlobalSection(SolutionConfigurationPlatforms) = preSolution
		Debug|Any CPU = Debug|Any CPU
		Release|Any CPU = Release|Any CPU
	EndGlobalSection
	GlobalSection(ProjectConfigurationPlatforms) = postSolution
		{2455A167-AF50-40E7-AEE2-54B3B3442212}.Debug|Any CPU.ActiveCfg = Debug|Any CPU
		{2455A167-AF50-40E7-AEE2-54B3B3442212}.Debug|Any CPU.Build.0 = Debug|Any CPU
		{2455A167-AF50-40E7-AEE2-54B3B3442212}.Release|Any CPU.ActiveCfg = Release|Any CPU
		{2455A167-AF50-40E7-AEE2-54B3B3442212}.Release|Any CPU.Build.0 = Release|Any CPU
	EndGlobalSection
	GlobalSection(SolutionProperties) = preSolution
		HideSolutionNode = FALSE
	EndGlobalSection
	GlobalSection(ExtensibilityGlobals) = postSolution
		SolutionGuid = {B9F9C0D2-7C3C-4789-9A02-77EAB155E63C}
	EndGlobalSection
EndGlobal
